
Microsoft Visual Studio Solution File, Format Version 12.00
# Visual Studio Version 17
VisualStudioVersion = 17.14.37614.0
MinimumVisualStudioVersion = 10.0.40219.1
Project("{FAE04EC0-301F-11D3-BF4B-00C04F79EFBC}") = "S1_Algo_Exo_2", "S1_Algo\S1_Algo_Exo_2.csproj", "{51644D98-E6E1-4068-869E-3DFA3889525D}"
EndProject
Project("{FAE04EC0-301F-11D3-BF4B-00C04F79EFBC}") = "ConsoleHello", "ConsoleHello\ConsoleHello.csproj", "{508CD504-11B9-417F-8888-D283CB89D209}"
EndProject
Project("{FAE04EC0-301F-11D3-BF4B-00C04F79EFBC}") = "Eval_Algo_Finale_CDA13", "Eval_Algo_Finale_CDA13\Eval_Algo_Finale_CDA13.csproj", "{ABDFDF39-0D6A-41F3-A8E9-6F7A43A0B7C1}"
EndProject
Project("{FAE04EC0-301F-11D3-BF4B-00C04F79EFBC}") = "S1_Algo_Exo_3", "S1_Algo_Exo_3\S1_Algo_Exo_3.csproj", "{DC9949EE-F229-4632-B418-D0369C446429}"
EndProject
Project("{FAE04EC0-301F-11D3-BF4B-00C04F79EFBC}") = "S1_Algo_Exo_4", "S1_Algo_Exo_4\S1_Algo_Exo_4.csproj", "{FE9E44E0-8FA4-4CE5-BA87-13179CC3BD8C}"
EndProject
Project("{FAE04EC0-301F-11D3-BF4B-00C04F79EFBC}") = "S1_Algo_Exo_5", "S1_Algo_Exo_5\S1_Algo_Exo_5.csproj", "{EA5C0307-E9F1-4B70-806B-941577EDF588}"
EndProject
Global
	GlobalSection(SolutionConfigurationPlatforms) = preSolution
		Debug|Any CPU = Debug|Any CPU
		Release|Any CPU = Release|Any CPU
	EndGlobalSection
	GlobalSection(ProjectConfigurationPlatforms) = postSolution
		{51644D98-E6E1-4068-869E-3DFA3889525D}.Debug|Any CPU.ActiveCfg = Debug|Any CPU
		{51644D98-E6E1-4068-869E-3DFA3889525D}.Debug|Any CPU.Build.0 = Debug|Any CPU
		{51644D98-E6E1-4068-869E-3DFA3889525D}.Release|Any CPU.ActiveCfg = Release|Any CPU
		{51644D98-E6E1-4068-869E-3DFA3889525D}.Release|Any CPU.Build.0 = Release|Any CPU
		{508CD504-11B9-417F-8888-D283CB89D209}.Debug|Any CPU.ActiveCfg = Debug|Any CPU
		{508CD504-11B9-417F-8888-D283CB89D209}.Debug|Any CPU.Build.0 = Debug|Any CPU
		{508CD504-11B9-417F-8888-D283CB89D209}.Release|Any CPU.ActiveCfg = Release|Any CPU
		{508CD504-11B9-417F-8888-D283CB89D209}.Release|Any CPU.Build.0 = Release|Any CPU
		{ABDFDF39-0D6A-41F3-A8E9-6F7A43A0B7C1}.Debug|Any CPU.ActiveCfg = Debug|Any CPU
		{ABDFDF39-0D6A-41F3-A8E9-6F7A43A0B7C1}.Debug|Any CPU.Build.0 = Debug|Any CPU
		{ABDFDF39-0D6A-41F3-A8E9-6F7A43A0B7C1}.Release|Any CPU.ActiveCfg = Release|Any CPU
		{ABDFDF39-0D6A-41F3-A8E9-6F7A43A0B7C1}.Release|Any CPU.Build.0 = Release|Any CPU
		{DC9949EE-F229-4632-B418-D0369C446429}.Debug|Any CPU.ActiveCfg = Debug|Any CPU
		{DC9949EE-F229-4632-B418-D0369C446429}.Debug|Any CPU.Build.0 = Debug|Any CPU
		{DC9949EE-F229-4632-B418-D0369C446429}.Release|Any CPU.ActiveCfg = Release|Any CPU
		{DC9949EE-F229-4632-B418-D0369C446429}.Release|Any CPU.Build.0 = Release|Any CPU
		{FE9E44E0-8FA4-4CE5-BA87-13179CC3BD8C}.Debug|Any CPU.ActiveCfg = Debug|Any CPU
		{FE9E44E0-8FA4-4CE5-BA87-13179CC3BD8C}.Debug|Any CPU.Build.0 = Debug|Any CPU
		{FE9E44E0-8FA4-4CE5-BA87-13179CC3BD8C}.Release|Any CPU.ActiveCfg = Release|Any CPU
		{FE9E44E0-8FA4-4CE5-BA87-13179CC3BD8C}.Release|Any CPU.Build.0 = Release|Any CPU
		{EA5C0307-E9F1-4B70-806B-941577EDF588}.Debug|Any CPU.ActiveCfg = Debug|Any CPU
		{EA5C0307-E9F1-4B70-806B-941577EDF588}.Debug|Any CPU.Build.0 = Debug|Any CPU
		{EA5C0307-E9F1-4B70-806B-941577EDF588}.Release|Any CPU.ActiveCfg = Release|Any CPU
		{EA5C0307-E9F1-4B70-806B-941577EDF588}.Release|Any CPU.Build.0 = Release|Any CPU
	EndGlobalSection
	GlobalSection(SolutionProperties) = preSolution
		HideSolutionNode = FALSE
	EndGlobalSection
	GlobalSection(ExtensibilityGlobals) = postSolution
		SolutionGuid = {833C4467-20FC-4991-A9B7-02685146592D}
	EndGlobalSection
EndGlobal
